
Microsoft Visual Studio Solution File, Format Version 12.00
# Visual Studio Version 16
VisualStudioVersion = 16.0.31112.23
MinimumVisualStudioVersion = 10.0.40219.1
Project("{FAE04EC0-301F-11D3-BF4B-00C04F79EFBC}") = "Регистратура поликлиники", "Регистратура поликлиники.csproj", "{1032C576-55FC-4C2F-954D-00BF70405B8A}"
EndProject
Global
	GlobalSection(SolutionConfigurationPlatforms) = preSolution
		Debug|Any CPU = Debug|Any CPU
		Release|Any CPU = Release|Any CPU
	EndGlobalSection
	GlobalSection(ProjectConfigurationPlatforms) = postSolution
		{1032C576-55FC-4C2F-954D-00BF70405B8A}.Debug|Any CPU.ActiveCfg = Debug|Any CPU
		{1032C576-55FC-4C2F-954D-00BF70405B8A}.Debug|Any CPU.Build.0 = Debug|Any CPU
		{1032C576-55FC-4C2F-954D-00BF70405B8A}.Release|Any CPU.ActiveCfg = Release|Any CPU
		{1032C576-55FC-4C2F-954D-00BF70405B8A}.Release|Any CPU.Build.0 = Release|Any CPU
	EndGlobalSection
	GlobalSection(SolutionProperties) = preSolution
		HideSolutionNode = FALSE
	EndGlobalSection
	GlobalSection(ExtensibilityGlobals) = postSolution
		SolutionGuid = {ACC5ED8F-B583-42B0-9267-8B3214DF208B}
	EndGlobalSection
EndGlobal
